
Microsoft Visual Studio Solution File, Format Version 12.00
# Visual Studio Version 16
VisualStudioVersion = 16.0.29306.81
MinimumVisualStudioVersion = 10.0.40219.1
Project("{FAE04EC0-301F-11D3-BF4B-00C04F79EFBC}") = "NumberSorter", "NumberSorter\NumberSorter.csproj", "{998B1FFA-6734-42E2-A8E7-CD8B9D4A9DAC}"
EndProject
Global
	GlobalSection(SolutionConfigurationPlatforms) = preSolution
		Debug|Any CPU = Debug|Any CPU
		Release|Any CPU = Release|Any CPU
	EndGlobalSection
	GlobalSection(ProjectConfigurationPlatforms) = postSolution
		{998B1FFA-6734-42E2-A8E7-CD8B9D4A9DAC}.Debug|Any CPU.ActiveCfg = Debug|Any CPU
		{998B1FFA-6734-42E2-A8E7-CD8B9D4A9DAC}.Debug|Any CPU.Build.0 = Debug|Any CPU
		{998B1FFA-6734-42E2-A8E7-CD8B9D4A9DAC}.Release|Any CPU.ActiveCfg = Release|Any CPU
		{998B1FFA-6734-42E2-A8E7-CD8B9D4A9DAC}.Release|Any CPU.Build.0 = Release|Any CPU
	EndGlobalSection
	GlobalSection(SolutionProperties) = preSolution
		HideSolutionNode = FALSE
	EndGlobalSection
	GlobalSection(ExtensibilityGlobals) = postSolution
		SolutionGuid = {183A0803-0C72-4FA8-8E0B-12C8C607DF5B}
	EndGlobalSection
EndGlobal
