
Microsoft Visual Studio Solution File, Format Version 12.00
# Visual Studio Version 16
VisualStudioVersion = 16.0.29306.81
MinimumVisualStudioVersion = 10.0.40219.1
Project("{FAE04EC0-301F-11D3-BF4B-00C04F79EFBC}") = "NumberSorter.Client", "NumberSorter\NumberSorter.Client.csproj", "{998B1FFA-6734-42E2-A8E7-CD8B9D4A9DAC}"
EndProject
Project("{9A19103F-16F7-4668-BE54-9A1E7A4F7556}") = "NumberSorter.Domain", "NumberSorter.Domain\NumberSorter.Domain.csproj", "{1A8A032C-F130-4CA1-98D8-0B11ACC5633D}"
EndProject
Project("{FAE04EC0-301F-11D3-BF4B-00C04F79EFBC}") = "NumberSorter.Domain.Tests", "NumberSorter.Domain.Tests\NumberSorter.Domain.Tests.csproj", "{A399CEB0-0DA9-407D-8113-713013AD65A3}"
EndProject
Project("{FAE04EC0-301F-11D3-BF4B-00C04F79EFBC}") = "NumberSorter.Domain.Benchmark", "NumberSorter.Domain.Benchmark\NumberSorter.Domain.Benchmark.csproj", "{CB806125-8EFB-43D4-9636-8E591DA52225}"
EndProject
Global
	GlobalSection(SolutionConfigurationPlatforms) = preSolution
		Debug|Any CPU = Debug|Any CPU
		Debug|x64 = Debug|x64
		Debug|x86 = Debug|x86
		Release|Any CPU = Release|Any CPU
		Release|x64 = Release|x64
		Release|x86 = Release|x86
	EndGlobalSection
	GlobalSection(ProjectConfigurationPlatforms) = postSolution
		{998B1FFA-6734-42E2-A8E7-CD8B9D4A9DAC}.Debug|Any CPU.ActiveCfg = Debug|Any CPU
		{998B1FFA-6734-42E2-A8E7-CD8B9D4A9DAC}.Debug|Any CPU.Build.0 = Debug|Any CPU
		{998B1FFA-6734-42E2-A8E7-CD8B9D4A9DAC}.Debug|x64.ActiveCfg = Debug|Any CPU
		{998B1FFA-6734-42E2-A8E7-CD8B9D4A9DAC}.Debug|x64.Build.0 = Debug|Any CPU
		{998B1FFA-6734-42E2-A8E7-CD8B9D4A9DAC}.Debug|x86.ActiveCfg = Debug|Any CPU
		{998B1FFA-6734-42E2-A8E7-CD8B9D4A9DAC}.Debug|x86.Build.0 = Debug|Any CPU
		{998B1FFA-6734-42E2-A8E7-CD8B9D4A9DAC}.Release|Any CPU.ActiveCfg = Release|Any CPU
		{998B1FFA-6734-42E2-A8E7-CD8B9D4A9DAC}.Release|Any CPU.Build.0 = Release|Any CPU
		{998B1FFA-6734-42E2-A8E7-CD8B9D4A9DAC}.Release|x64.ActiveCfg = Release|Any CPU
		{998B1FFA-6734-42E2-A8E7-CD8B9D4A9DAC}.Release|x64.Build.0 = Release|Any CPU
		{998B1FFA-6734-42E2-A8E7-CD8B9D4A9DAC}.Release|x86.ActiveCfg = Release|Any CPU
		{998B1FFA-6734-42E2-A8E7-CD8B9D4A9DAC}.Release|x86.Build.0 = Release|Any CPU
		{1A8A032C-F130-4CA1-98D8-0B11ACC5633D}.Debug|Any CPU.ActiveCfg = Debug|Any CPU
		{1A8A032C-F130-4CA1-98D8-0B11ACC5633D}.Debug|Any CPU.Build.0 = Debug|Any CPU
		{1A8A032C-F130-4CA1-98D8-0B11ACC5633D}.Debug|x64.ActiveCfg = Debug|Any CPU
		{1A8A032C-F130-4CA1-98D8-0B11ACC5633D}.Debug|x64.Build.0 = Debug|Any CPU
		{1A8A032C-F130-4CA1-98D8-0B11ACC5633D}.Debug|x86.ActiveCfg = Debug|Any CPU
		{1A8A032C-F130-4CA1-98D8-0B11ACC5633D}.Debug|x86.Build.0 = Debug|Any CPU
		{1A8A032C-F130-4CA1-98D8-0B11ACC5633D}.Release|Any CPU.ActiveCfg = Release|Any CPU
		{1A8A032C-F130-4CA1-98D8-0B11ACC5633D}.Release|Any CPU.Build.0 = Release|Any CPU
		{1A8A032C-F130-4CA1-98D8-0B11ACC5633D}.Release|x64.ActiveCfg = Release|Any CPU
		{1A8A032C-F130-4CA1-98D8-0B11ACC5633D}.Release|x64.Build.0 = Release|Any CPU
		{1A8A032C-F130-4CA1-98D8-0B11ACC5633D}.Release|x86.ActiveCfg = Release|Any CPU
		{1A8A032C-F130-4CA1-98D8-0B11ACC5633D}.Release|x86.Build.0 = Release|Any CPU
		{A399CEB0-0DA9-407D-8113-713013AD65A3}.Debug|Any CPU.ActiveCfg = Debug|Any CPU
		{A399CEB0-0DA9-407D-8113-713013AD65A3}.Debug|Any CPU.Build.0 = Debug|Any CPU
		{A399CEB0-0DA9-407D-8113-713013AD65A3}.Debug|x64.ActiveCfg = Debug|Any CPU
		{A399CEB0-0DA9-407D-8113-713013AD65A3}.Debug|x64.Build.0 = Debug|Any CPU
		{A399CEB0-0DA9-407D-8113-713013AD65A3}.Debug|x86.ActiveCfg = Debug|Any CPU
		{A399CEB0-0DA9-407D-8113-713013AD65A3}.Debug|x86.Build.0 = Debug|Any CPU
		{A399CEB0-0DA9-407D-8113-713013AD65A3}.Release|Any CPU.ActiveCfg = Release|Any CPU
		{A399CEB0-0DA9-407D-8113-713013AD65A3}.Release|Any CPU.Build.0 = Release|Any CPU
		{A399CEB0-0DA9-407D-8113-713013AD65A3}.Release|x64.ActiveCfg = Release|Any CPU
		{A399CEB0-0DA9-407D-8113-713013AD65A3}.Release|x64.Build.0 = Release|Any CPU
		{A399CEB0-0DA9-407D-8113-713013AD65A3}.Release|x86.ActiveCfg = Release|Any CPU
		{A399CEB0-0DA9-407D-8113-713013AD65A3}.Release|x86.Build.0 = Release|Any CPU
		{CB806125-8EFB-43D4-9636-8E591DA52225}.Debug|Any CPU.ActiveCfg = Debug|Any CPU
		{CB806125-8EFB-43D4-9636-8E591DA52225}.Debug|Any CPU.Build.0 = Debug|Any CPU
		{CB806125-8EFB-43D4-9636-8E591DA52225}.Debug|x64.ActiveCfg = Debug|Any CPU
		{CB806125-8EFB-43D4-9636-8E591DA52225}.Debug|x64.Build.0 = Debug|Any CPU
		{CB806125-8EFB-43D4-9636-8E591DA52225}.Debug|x86.ActiveCfg = Debug|Any CPU
		{CB806125-8EFB-43D4-9636-8E591DA52225}.Debug|x86.Build.0 = Debug|Any CPU
		{CB806125-8EFB-43D4-9636-8E591DA52225}.Release|Any CPU.ActiveCfg = Release|Any CPU
		{CB806125-8EFB-43D4-9636-8E591DA52225}.Release|Any CPU.Build.0 = Release|Any CPU
		{CB806125-8EFB-43D4-9636-8E591DA52225}.Release|x64.ActiveCfg = Release|Any CPU
		{CB806125-8EFB-43D4-9636-8E591DA52225}.Release|x64.Build.0 = Release|Any CPU
		{CB806125-8EFB-43D4-9636-8E591DA52225}.Release|x86.ActiveCfg = Release|Any CPU
		{CB806125-8EFB-43D4-9636-8E591DA52225}.Release|x86.Build.0 = Release|Any CPU
	EndGlobalSection
	GlobalSection(SolutionProperties) = preSolution
		HideSolutionNode = FALSE
	EndGlobalSection
	GlobalSection(ExtensibilityGlobals) = postSolution
		SolutionGuid = {183A0803-0C72-4FA8-8E0B-12C8C607DF5B}
	EndGlobalSection
EndGlobal
